
Microsoft Visual Studio Solution File, Format Version 12.00
# Visual Studio Version 16
VisualStudioVersion = 16.0.29020.237
MinimumVisualStudioVersion = 10.0.40219.1
Project("{FAE04EC0-301F-11D3-BF4B-00C04F79EFBC}") = "DesignPatterns", "DesignPatterns.csproj", "{F52E69CE-88C3-4BA8-A0C5-DA8654F7CB52}"
EndProject
Global
	GlobalSection(SolutionConfigurationPlatforms) = preSolution
		Debug|Any CPU = Debug|Any CPU
		Release|Any CPU = Release|Any CPU
	EndGlobalSection
	GlobalSection(ProjectConfigurationPlatforms) = postSolution
		{F52E69CE-88C3-4BA8-A0C5-DA8654F7CB52}.Debug|Any CPU.ActiveCfg = Debug|Any CPU
		{F52E69CE-88C3-4BA8-A0C5-DA8654F7CB52}.Debug|Any CPU.Build.0 = Debug|Any CPU
		{F52E69CE-88C3-4BA8-A0C5-DA8654F7CB52}.Release|Any CPU.ActiveCfg = Release|Any CPU
		{F52E69CE-88C3-4BA8-A0C5-DA8654F7CB52}.Release|Any CPU.Build.0 = Release|Any CPU
	EndGlobalSection
	GlobalSection(SolutionProperties) = preSolution
		HideSolutionNode = FALSE
	EndGlobalSection
	GlobalSection(ExtensibilityGlobals) = postSolution
		SolutionGuid = {5E39C3EC-71E8-4508-B9AE-8E2ED862A571}
	EndGlobalSection
EndGlobal
